
Microsoft Visual Studio Solution File, Format Version 12.00
# Visual Studio 15
Project("{FAE04EC0-301F-11D3-BF4B-00C04F79EFBC}") = "Assembly-CSharp", "Assembly-CSharp.csproj", "{095ED8BD-415E-8863-3E49-D4414AF44ED8}"
EndProject
Project("{FAE04EC0-301F-11D3-BF4B-00C04F79EFBC}") = "Assembly-CSharp-firstpass", "Assembly-CSharp-firstpass.csproj", "{AEE15E39-06DD-802D-DECA-6003A5AE911A}"
EndProject
Project("{FAE04EC0-301F-11D3-BF4B-00C04F79EFBC}") = "Assembly-CSharp-Editor-firstpass", "Assembly-CSharp-Editor-firstpass.csproj", "{EEAE978A-B212-9F3E-A4D1-964DB3BD015A}"
EndProject
Project("{FAE04EC0-301F-11D3-BF4B-00C04F79EFBC}") = "Assembly-CSharp-Editor", "Assembly-CSharp-Editor.csproj", "{B6E9F352-D246-9197-945E-74979D6B7228}"
EndProject
Global
	GlobalSection(SolutionConfigurationPlatforms) = preSolution
		Debug|Any CPU = Debug|Any CPU
		Release|Any CPU = Release|Any CPU
	EndGlobalSection
	GlobalSection(ProjectConfigurationPlatforms) = postSolution
		{095ED8BD-415E-8863-3E49-D4414AF44ED8}.Debug|Any CPU.ActiveCfg = Debug|Any CPU
		{095ED8BD-415E-8863-3E49-D4414AF44ED8}.Debug|Any CPU.Build.0 = Debug|Any CPU
		{095ED8BD-415E-8863-3E49-D4414AF44ED8}.Release|Any CPU.ActiveCfg = Release|Any CPU
		{095ED8BD-415E-8863-3E49-D4414AF44ED8}.Release|Any CPU.Build.0 = Release|Any CPU
		{AEE15E39-06DD-802D-DECA-6003A5AE911A}.Debug|Any CPU.ActiveCfg = Debug|Any CPU
		{AEE15E39-06DD-802D-DECA-6003A5AE911A}.Debug|Any CPU.Build.0 = Debug|Any CPU
		{AEE15E39-06DD-802D-DECA-6003A5AE911A}.Release|Any CPU.ActiveCfg = Release|Any CPU
		{AEE15E39-06DD-802D-DECA-6003A5AE911A}.Release|Any CPU.Build.0 = Release|Any CPU
		{EEAE978A-B212-9F3E-A4D1-964DB3BD015A}.Debug|Any CPU.ActiveCfg = Debug|Any CPU
		{EEAE978A-B212-9F3E-A4D1-964DB3BD015A}.Debug|Any CPU.Build.0 = Debug|Any CPU
		{EEAE978A-B212-9F3E-A4D1-964DB3BD015A}.Release|Any CPU.ActiveCfg = Release|Any CPU
		{EEAE978A-B212-9F3E-A4D1-964DB3BD015A}.Release|Any CPU.Build.0 = Release|Any CPU
		{B6E9F352-D246-9197-945E-74979D6B7228}.Debug|Any CPU.ActiveCfg = Debug|Any CPU
		{B6E9F352-D246-9197-945E-74979D6B7228}.Debug|Any CPU.Build.0 = Debug|Any CPU
		{B6E9F352-D246-9197-945E-74979D6B7228}.Release|Any CPU.ActiveCfg = Release|Any CPU
		{B6E9F352-D246-9197-945E-74979D6B7228}.Release|Any CPU.Build.0 = Release|Any CPU
	EndGlobalSection
	GlobalSection(SolutionProperties) = preSolution
		HideSolutionNode = FALSE
	EndGlobalSection
EndGlobal
